<?xml version="1.0" encoding="utf-8"?>
<Project ToolsVersion="4.0" xmlns="http://schemas.microsoft.com/developer/msbuild/2003">
  <ItemGroup>
    <Filter Include="Source Files">
      <UniqueIdentifier>{4FC737F1-C7A5-4376-A066-2A32D752A2FF}</UniqueIdentifier>
      <Extensions>cpp;c;cc;cxx;c++;cppm;ixx;def;odl;idl;hpj;bat;asm;asmx</Extensions>
    </Filter>
    <Filter Include="Header Files">
      <UniqueIdentifier>{93995380-89BD-4b04-88EB-625FBE52EBFB}</UniqueIdentifier>
      <Extensions>h;hh;hpp;hxx;h++;hm;inl;inc;ipp;xsd</Extensions>
    </Filter>
    <Filter Include="Resource Files">
      <UniqueIdentifier>{67DA6AB6-F800-4c08-8B7A-83BB121AAD01}</UniqueIdentifier>
      <Extensions>rc;ico;cur;bmp;dlg;rc2;rct;bin;rgs;gif;jpg;jpeg;jpe;resx;tiff;tif;png;wav;mfcribbon-ms</Extensions>
    </Filter>
    <Filter Include="Source Files\auto_update">
      <UniqueIdentifier>{0898575e-bbd7-49b9-95ef-5e18848e9520}</UniqueIdentifier>
    </Filter>
    <Filter Include="Source Files\hooks">
      <UniqueIdentifier>{b4f2e641-4b67-440f-8953-97e373f6e21f}</UniqueIdentifier>
    </Filter>
    <Filter Include="Source Files\hooks\game">
      <UniqueIdentifier>{fb5e4029-d43b-4540-ad5c-51f8078a4d2c}</UniqueIdentifier>
    </Filter>
    <Filter Include="Source Files\hooks\game\world_begin_play">
      <UniqueIdentifier>{1154c2bd-a19a-4194-8578-590069b83ce9}</UniqueIdentifier>
    </Filter>
    <Filter Include="Source Files\hooks\game\world_end_play">
      <UniqueIdentifier>{3a7b2e1f-c4d5-4e6a-9f0b-8c1d2e3f4a5b}</UniqueIdentifier>
    </Filter>
    <Filter Include="Source Files\hooks\game\engine_init">
      <UniqueIdentifier>{5e68a0e8-3d63-4d34-bee2-9de7ea5c385f}</UniqueIdentifier>
    </Filter>
    <Filter Include="Source Files\hooks\game\engine_shutdown">
      <UniqueIdentifier>{94c6be5a-0f37-4a6d-b2c2-73fc15105b87}</UniqueIdentifier>
    </Filter>
    <Filter Include="Source Files\hooks\game\save_loaded">
      <UniqueIdentifier>{7319e901-1e30-4f85-a398-a6628d90a01d}</UniqueIdentifier>
    </Filter>
    <Filter Include="Source Files\hooks\game\text_localization">
      <UniqueIdentifier>{5747158c-1665-4ae9-83a1-154675a7f9b9}</UniqueIdentifier>
    </Filter>
    <Filter Include="Source Files\hooks\game\experience_load_complete">
      <UniqueIdentifier>{94cb41f4-d4af-4ce1-9e4c-fb122cde2f2a}</UniqueIdentifier>
    </Filter>
    <Filter Include="Source Files\hooks\game\engine_tick">
      <UniqueIdentifier>{ad840a96-d535-42f9-9386-22100e859737}</UniqueIdentifier>
    </Filter>
    <Filter Include="Source Files\hooks\game\hud_post_render">
      <UniqueIdentifier>{b2e7f3a1-c891-4d56-8f23-1a2b3c4d5e6f}</UniqueIdentifier>
    </Filter>
    <Filter Include="Source Files\hooks\game\session_info">
      <UniqueIdentifier>{c3f8a2b0-d912-4e67-9034-2b3c4d5e6f70}</UniqueIdentifier>
    </Filter>
    <Filter Include="Source Files\hooks\game\object_lookup">
      <UniqueIdentifier>{d4a9b3c1-ea23-4f78-a145-3c4d5e6f7081}</UniqueIdentifier>
    </Filter>
    <Filter Include="Source Files\network_channel">
      <UniqueIdentifier>{f4a0b2c3-e158-4f89-ad45-3c4d5e6f7a81}</UniqueIdentifier>
    </Filter>
    <Filter Include="Source Files\hooks\game\control_channel">
      <UniqueIdentifier>{a5b0c4d2-fb34-4a89-b256-4d5e6f708192}</UniqueIdentifier>
    </Filter>
    <Filter Include="Source Files\hooks\game\modloader_hello">
      <UniqueIdentifier>{c7d2e6f4-1b56-4c0a-9478-6f708192a3b4}</UniqueIdentifier>
    </Filter>
    <Filter Include="Source Files\hooks\game\actor_begin_play">
      <UniqueIdentifier>{75a11838-a61f-4b73-bad6-773b6425b24e}</UniqueIdentifier>
    </Filter>
    <Filter Include="Source Files\hooks\game\crafting_finished">
      <UniqueIdentifier>{8b3c1f2e-4d5a-4e6b-9c7d-1a2b3c4d5e6f}</UniqueIdentifier>
    </Filter>
    <Filter Include="Source Files\hooks\game\game_menu">
      <UniqueIdentifier>{3e9c5b17-0a42-4d68-9f31-7b8e2c04a5d6}</UniqueIdentifier>
    </Filter>
    <Filter Include="Source Files\hooks\game\console_command">
      <UniqueIdentifier>{6a41f28d-3c07-4b95-8e1a-2d904f6c7b13}</UniqueIdentifier>
    </Filter>
    <Filter Include="Source Files\hooks\game\engine_exec">
      <UniqueIdentifier>{9c2e4b71-58d3-4f6a-a1b0-3e7d2c8f5a14}</UniqueIdentifier>
    </Filter>
    <Filter Include="Source Files\hooks\game\pak_mount">
      <UniqueIdentifier>{7d3f2a19-6b4c-4e85-9a1d-2c5e8f0b3a67}</UniqueIdentifier>
    </Filter>
    <Filter Include="Source Files\hooks\game\debug_draw">
      <UniqueIdentifier>{2f7b90c4-6e18-4a3d-b52f-8c04d1e73a96}</UniqueIdentifier>
    </Filter>
    <Filter Include="Source Files\hooks\game\crash_reporter">
      <UniqueIdentifier>{9c1d2e3f-4a5b-6c7d-8e9f-0a1b2c3d4e5f}</UniqueIdentifier>
    </Filter>
    <Filter Include="Source Files\hooks\game\log_verbosity">
      <UniqueIdentifier>{3b7e91c4-5d2a-4f18-9c6b-7a0e4d15f832}</UniqueIdentifier>
    </Filter>
    <Filter Include="Source Files\hooks\game\gobject_walk">
      <UniqueIdentifier>{2f4a7d9b-6c8e-4a1f-b3d2-9e5c7a8f0d1b}</UniqueIdentifier>
    </Filter>
    <Filter Include="Source Files\hooks\game\text_input_focus">
      <UniqueIdentifier>{b8a4a9b2-5369-4f37-a5c1-ac05ed6c3333}</UniqueIdentifier>
    </Filter>
    <Filter Include="Source Files\hooks\game\object_properties">
      <UniqueIdentifier>{3a5b8e0c-7d9f-4b2a-9e6f-8c1d3a4b5c6d}</UniqueIdentifier>
    </Filter>
    <Filter Include="Source Files\hooks\game\delegate_hook">
      <UniqueIdentifier>{6a1c4e2d-8f3b-4d7a-9c1e-3b5d7f9a1c2e}</UniqueIdentifier>
    </Filter>
    <Filter Include="Source Files\hooks\game\playerLeft">
      <UniqueIdentifier>{2983d86c-6262-4d24-9514-cca4f13c3394}</UniqueIdentifier>
    </Filter>
    <Filter Include="Source Files\hooks\game\playerJoined">
      <UniqueIdentifier>{59697777-3178-4bb6-a286-27728ad0088f}</UniqueIdentifier>
    </Filter>
    <Filter Include="Source Files\hooks\memory">
      <UniqueIdentifier>{cf7c46f1-b2f1-46ea-8e7e-8f7b5d7b2f69}</UniqueIdentifier>
    </Filter>
    <Filter Include="Source Files\logging">
      <UniqueIdentifier>{784118a6-3305-49bb-8049-8da77eaa514e}</UniqueIdentifier>
    </Filter>
    <Filter Include="Source Files\plugins">
      <UniqueIdentifier>{70a61256-1b5f-40d5-a73f-3a03bff2d0da}</UniqueIdentifier>
    </Filter>
    <Filter Include="Source Files\memory_scanner">
      <UniqueIdentifier>{7cd5beef-9915-4144-af61-34a4067819d9}</UniqueIdentifier>
    </Filter>
    <Filter Include="Source Files\UI">
      <UniqueIdentifier>{83136a42-c010-41c4-b584-888d732c2a65}</UniqueIdentifier>
    </Filter>
    <Filter Include="Source Files\config">
      <UniqueIdentifier>{0a9a1e21-213e-4f0b-a7cb-3a54f59d8021}</UniqueIdentifier>
    </Filter>
    <Filter Include="Source Files\utils">
      <UniqueIdentifier>{e3a7c1f2-9b4d-4e8a-b2c5-6f0d1e3a7b9c}</UniqueIdentifier>
    </Filter>
    <Filter Include="Source Files\console">
      <UniqueIdentifier>{5c1d9e74-3b8a-4a26-9f51-8c0b2e6d47a3}</UniqueIdentifier>
    </Filter>
    <Filter Include="Source Files\hooks\game\spawning">
      <UniqueIdentifier>{9a63f03d-8ae0-43a7-b82d-46b696cc8370}</UniqueIdentifier>
    </Filter>
    <Filter Include="Source Files\hooks\input">
      <UniqueIdentifier>{e7b1d3f2-4a8c-4f5e-b9c3-2d6e0a1f7c84}</UniqueIdentifier>
    </Filter>
    <Filter Include="Source Files\UI\modloader">
      <UniqueIdentifier>{f2a4b6c8-9d0e-4f1a-b2c3-5d7e8f9a0b1c}</UniqueIdentifier>
    </Filter>
    <Filter Include="Source Files\hooks\game\game_instance">
      <UniqueIdentifier>{10a31f74-27ab-48fd-b200-79a0f0a9e443}</UniqueIdentifier>
    </Filter>
    <Filter Include="Source Files\hooks\game\FHttpServerRequest">
      <UniqueIdentifier>{06d5eb1a-4870-4cab-b7a0-4f47674a29b9}</UniqueIdentifier>
    </Filter>
    <Filter Include="Source Files\core">
      <UniqueIdentifier>{a1b2c3d4-e5f6-7890-abcd-ef1234567890}</UniqueIdentifier>
    </Filter>
  </ItemGroup>
  <ItemGroup>
    <ClInclude Include="game_type_checker.h">
      <Filter>Header Files</Filter>
    </ClInclude>
    <ClInclude Include="hooks\hooks_common.h">
      <Filter>Source Files\hooks</Filter>
    </ClInclude>
    <ClInclude Include="hooks\symbol_resolver.h">
      <Filter>Source Files\hooks</Filter>
    </ClInclude>
    <ClInclude Include="hooks\hooks_interface.h">
      <Filter>Source Files\hooks</Filter>
    </ClInclude>
    <ClInclude Include="hooks\input\keybind_registry.h">
      <Filter>Source Files\hooks\input</Filter>
    </ClInclude>
    <ClInclude Include="hooks\input\input_processor.h">
      <Filter>Source Files\hooks\input</Filter>
    </ClInclude>
    <ClInclude Include="hooks\input\input_hook.h">
      <Filter>Source Files\hooks\input</Filter>
    </ClInclude>
    <ClInclude Include="UI\imgui_backend.h">
      <Filter>Source Files\UI\modloader</Filter>
    </ClInclude>
    <ClInclude Include="UI\modloader_window.h">
      <Filter>Source Files\UI\modloader</Filter>
    </ClInclude>
    <ClInclude Include="UI\logging_tab.h">
      <Filter>Source Files\UI\modloader</Filter>
    </ClInclude>
    <ClInclude Include="UI\overlay.h">
      <Filter>Source Files\UI\modloader</Filter>
    </ClInclude>
    <ClInclude Include="UI\hook_failure_window.h">
      <Filter>Source Files\UI\modloader</Filter>
    </ClInclude>
    <ClInclude Include="UI\update_notice_window.h">
      <Filter>Source Files\UI\modloader</Filter>
    </ClInclude>
    <ClInclude Include="UI\tick_profiler_window.h">
      <Filter>Source Files\UI\modloader</Filter>
    </ClInclude>
    <ClInclude Include="UI\plugin_panel_registry.h">
      <Filter>Source Files\UI\modloader</Filter>
    </ClInclude>
    <ClInclude Include="UI\plugin_widget_registry.h">
      <Filter>Source Files\UI\modloader</Filter>
    </ClInclude>
    <ClInclude Include="UI\splash_window.h">
      <Filter>Source Files\UI</Filter>
    </ClInclude>
    <ClInclude Include="memory_scanner\pattern_preflight.h">
      <Filter>Source Files\memory_scanner</Filter>
    </ClInclude>
    <ClInclude Include="memory_scanner\scan_cache.h">
      <Filter>Source Files\memory_scanner</Filter>
    </ClInclude>
    <ClInclude Include="memory_scanner\scanner.h">
      <Filter>Source Files\memory_scanner</Filter>
    </ClInclude>
    <ClInclude Include="memory_scanner\hook_scanner_interface.h">
      <Filter>Source Files\memory_scanner</Filter>
    </ClInclude>
    <ClInclude Include="plugins\plugin_hook_report.h">
      <Filter>Source Files\plugins</Filter>
    </ClInclude>
    <ClInclude Include="plugins\plugin_manager.h">
      <Filter>Source Files\plugins</Filter>
    </ClInclude>
    <ClInclude Include="plugins\pak_registry.h">
      <Filter>Source Files\plugins</Filter>
    </ClInclude>
    <ClInclude Include="plugins\plugin_interface.h">
      <Filter>Source Files\plugins</Filter>
    </ClInclude>
    <ClInclude Include="plugins\known_gobjects.generated.h">
      <Filter>Source Files\plugins</Filter>
    </ClInclude>
    <ClInclude Include="logging\logger.h">
      <Filter>Source Files\logging</Filter>
    </ClInclude>
    <ClInclude Include="logging\log.h">
      <Filter>Source Files\logging</Filter>
    </ClInclude>
    <ClInclude Include="logging\ue_log.h">
      <Filter>Source Files\logging</Filter>
    </ClInclude>
    <ClInclude Include="logging\plugin_log_levels.h">
      <Filter>Source Files\logging</Filter>
    </ClInclude>
    <ClInclude Include="config\config_manager.h">
      <Filter>Source Files\config</Filter>
    </ClInclude>
    <ClInclude Include="auto_update\auto_updater.h">
      <Filter>Source Files\auto_update</Filter>
    </ClInclude>
    <ClInclude Include="hooks\memory\engine_allocator.h">
      <Filter>Source Files\hooks\memory</Filter>
    </ClInclude>
    <ClInclude Include="hooks\game\actor_begin_play\actor_begin_play.h">
      <Filter>Source Files\hooks\game\actor_begin_play</Filter>
    </ClInclude>
    <ClInclude Include="hooks\game\crafting_finished\crafting_finished.h">
      <Filter>Source Files\hooks\game\crafting_finished</Filter>
    </ClInclude>
    <ClInclude Include="hooks\game\game_menu\game_menu.h">
      <Filter>Source Files\hooks\game\game_menu</Filter>
    </ClInclude>
    <ClInclude Include="hooks\game\game_menu\game_menu_registry.h">
      <Filter>Source Files\hooks\game\game_menu</Filter>
    </ClInclude>
    <ClInclude Include="hooks\game\debug_draw\debug_draw.h">
      <Filter>Source Files\hooks\game\debug_draw</Filter>
    </ClInclude>
    <ClInclude Include="hooks\game\console_command\console_command.h">
      <Filter>Source Files\hooks\game\console_command</Filter>
    </ClInclude>
    <ClInclude Include="hooks\game\engine_exec\engine_exec.h">
      <Filter>Source Files\hooks\game\engine_exec</Filter>
    </ClInclude>
    <ClInclude Include="hooks\game\pak_mount\pak_mount.h">
      <Filter>Source Files\hooks\game\pak_mount</Filter>
    </ClInclude>
    <ClInclude Include="hooks\game\crash_reporter\crash_dialog.h">
      <Filter>Source Files\hooks\game\crash_reporter</Filter>
    </ClInclude>
    <ClInclude Include="hooks\game\crash_reporter\crash_reporter.h">
      <Filter>Source Files\hooks\game\crash_reporter</Filter>
    </ClInclude>
    <ClInclude Include="hooks\game\log_verbosity\log_verbosity.h">
      <Filter>Source Files\hooks\game\log_verbosity</Filter>
    </ClInclude>
    <ClInclude Include="hooks\game\gobject_walk\gobject_walk.h">
      <Filter>Source Files\hooks\game\gobject_walk</Filter>
    </ClInclude>
    <ClInclude Include="hooks\game\text_input_focus\text_input_focus.h">
      <Filter>Source Files\hooks\game\text_input_focus</Filter>
    </ClInclude>
    <ClInclude Include="hooks\game\object_properties\object_properties.h">
      <Filter>Source Files\hooks\game\object_properties</Filter>
    </ClInclude>
    <ClInclude Include="hooks\game\delegate_hook\delegate_hook.h">
      <Filter>Source Files\hooks\game\delegate_hook</Filter>
    </ClInclude>
    <ClInclude Include="hooks\game\engine_init\engine_init.h">
      <Filter>Source Files\hooks\game\engine_init</Filter>
    </ClInclude>
    <ClInclude Include="hooks\game\engine_shutdown\engine_shutdown.h">
      <Filter>Source Files\hooks\game\engine_shutdown</Filter>
    </ClInclude>
    <ClInclude Include="hooks\game\engine_tick\engine_tick.h">
      <Filter>Source Files\hooks\game\engine_tick</Filter>
    </ClInclude>
    <ClInclude Include="hooks\game\engine_tick\tick_profiler.h">
      <Filter>Source Files\hooks\game\engine_tick</Filter>
    </ClInclude>
    <ClInclude Include="hooks\game\engine_tick\stack_sampler.h">
      <Filter>Source Files\hooks\game\engine_tick</Filter>
    </ClInclude>
    <ClInclude Include="hooks\game\engine_tick\function_symbols.h">
      <Filter>Source Files\hooks\game\engine_tick</Filter>
    </ClInclude>
    <ClInclude Include="hooks\game\hud_post_render\hud_post_render.h">
      <Filter>Source Files\hooks\game\hud_post_render</Filter>
    </ClInclude>
    <ClInclude Include="hooks\game\session_info\session_info.h">
      <Filter>Source Files\hooks\game\session_info</Filter>
    </ClInclude>
    <ClInclude Include="hooks\game\object_lookup\object_lookup.h">
      <Filter>Source Files\hooks\game\object_lookup</Filter>
    </ClInclude>
    <ClInclude Include="hooks\game\experience_load_complete\experience_load_complete.h">
      <Filter>Source Files\hooks\game\experience_load_complete</Filter>
    </ClInclude>
    <ClInclude Include="hooks\game\player_left\player_left.h">
      <Filter>Source Files\hooks\game\playerLeft</Filter>
    </ClInclude>
    <ClInclude Include="hooks\game\player_joined\player_joined.h">
      <Filter>Source Files\hooks\game\playerJoined</Filter>
    </ClInclude>
    <ClInclude Include="hooks\game\save_loaded\save_loaded.h">
      <Filter>Source Files\hooks\game\save_loaded</Filter>
    </ClInclude>
    <ClInclude Include="hooks\game\text_localization\text_localization.h">
      <Filter>Source Files\hooks\game\text_localization</Filter>
    </ClInclude>
    <ClInclude Include="hooks\game\text_localization\text_key.h">
      <Filter>Source Files\hooks\game\text_localization</Filter>
    </ClInclude>
    <ClInclude Include="hooks\game\world_begin_play\world_begin_play.h">
      <Filter>Source Files\hooks\game\world_begin_play</Filter>
    </ClInclude>
    <ClInclude Include="hooks\game\world_end_play\world_end_play.h">
      <Filter>Source Files\hooks\game\world_end_play</Filter>
    </ClInclude>
    <ClInclude Include="utils\pak_list.h">
      <Filter>Source Files\utils</Filter>
    </ClInclude>
    <ClInclude Include="utils\thread_utils.h">
      <Filter>Source Files\utils</Filter>
    </ClInclude>
    <ClInclude Include="utils\mem_utils.h">
      <Filter>Source Files\utils</Filter>
    </ClInclude>
    <ClInclude Include="core\globals.h">
      <Filter>Source Files\core</Filter>
    </ClInclude>
    <ClInclude Include="core\startup_utils.h">
      <Filter>Source Files\core</Filter>
    </ClInclude>
    <ClInclude Include="core\version_check.h">
      <Filter>Source Files\core</Filter>
    </ClInclude>
    <ClInclude Include="core\engine_sync.h">
      <Filter>Source Files\core</Filter>
    </ClInclude>
    <ClInclude Include="core\hook_management.h">
      <Filter>Source Files\core</Filter>
    </ClInclude>
    <ClInclude Include="core\client_ui.h">
      <Filter>Source Files\core</Filter>
    </ClInclude>
    <ClInclude Include="core\shutdown.h">
      <Filter>Source Files\core</Filter>
    </ClInclude>
    <ClInclude Include="core\init_phases.h">
      <Filter>Source Files\core</Filter>
    </ClInclude>
    <ClInclude Include="core\init_thread.h">
      <Filter>Source Files\core</Filter>
    </ClInclude>
    <ClInclude Include="core\core_entry.h">
      <Filter>Source Files\core</Filter>
    </ClInclude>
    <ClInclude Include="hooks\game\mass_do_spawning\mass_do_spawning.h">
      <Filter>Source Files\hooks\game\spawning</Filter>
    </ClInclude>
    <ClInclude Include="hooks\game\mass_spawner_activate\mass_spawner_activate.h">
      <Filter>Source Files\hooks\game\spawning</Filter>
    </ClInclude>
    <ClInclude Include="hooks\game\mass_spawner_deactivate\mass_spawner_deactivate.h">
      <Filter>Source Files\hooks\game\spawning</Filter>
    </ClInclude>
    <ClInclude Include="hooks\game\scan_patterns.h">
      <Filter>Source Files\hooks\game</Filter>
    </ClInclude>
    <ClInclude Include="UI\console_window.h">
      <Filter>Source Files\UI</Filter>
    </ClInclude>
    <ClInclude Include="console\console_commands.h">
      <Filter>Source Files\console</Filter>
    </ClInclude>
    <ClInclude Include="console\plugin_console.h">
      <Filter>Source Files\console</Filter>
    </ClInclude>
    <ClInclude Include="console\console_input.h">
      <Filter>Source Files\console</Filter>
    </ClInclude>
    <ClInclude Include="console\console_screen.h">
      <Filter>Source Files\console</Filter>
    </ClInclude>
    <ClInclude Include="console\engine_output_hook.h">
      <Filter>Source Files\console</Filter>
    </ClInclude>
    <ClInclude Include="console\server_console.h">
      <Filter>Source Files\console</Filter>
    </ClInclude>
    <ClInclude Include="UI\global_settings.h">
      <Filter>Source Files\UI</Filter>
    </ClInclude>
    <ClInclude Include="UI\theme.h">
      <Filter>Source Files\UI</Filter>
    </ClInclude>
    <ClInclude Include="UI\named_entry_utils.h">
      <Filter>Source Files\UI</Filter>
    </ClInclude>
    <ClInclude Include="UI\plugin_preset_store.h">
      <Filter>Source Files\UI</Filter>
    </ClInclude>
    <ClInclude Include="network_channel\net_timeout.h">
      <Filter>Source Files\network_channel</Filter>
    </ClInclude>
    <ClInclude Include="network_channel\network_channel.h">
      <Filter>Source Files\network_channel</Filter>
    </ClInclude>
    <ClInclude Include="network_channel\packet_fragmentation.h">
      <Filter>Source Files\network_channel</Filter>
    </ClInclude>
    <ClInclude Include="hooks\game\modloader_hello\modloader_hello.h">
      <Filter>Source Files\hooks\game\modloader_hello</Filter>
    </ClInclude>
    <ClInclude Include="hooks\game\control_channel\control_channel.h">
      <Filter>Source Files\hooks\game\control_channel</Filter>
    </ClInclude>
    <ClInclude Include="plugins\plugin_network_helpers.h">
      <Filter>Source Files\plugins</Filter>
    </ClInclude>
    <ClInclude Include="hooks\game\game_instance_init\game_instance_init.h">
      <Filter>Header Files</Filter>
    </ClInclude>
    <ClInclude Include="logging\logger_interface.h">
      <Filter>Header Files</Filter>
    </ClInclude>
    <ClInclude Include="hooks\http\http_server_hook.h">
      <Filter>Header Files</Filter>
    </ClInclude>
  </ItemGroup>
  <ItemGroup>
    <ClCompile Include="core\globals.cpp">
      <Filter>Source Files\core</Filter>
    </ClCompile>
    <ClCompile Include="core\startup_utils.cpp">
      <Filter>Source Files\core</Filter>
    </ClCompile>
    <ClCompile Include="core\version_check.cpp">
      <Filter>Source Files\core</Filter>
    </ClCompile>
    <ClCompile Include="core\engine_sync.cpp">
      <Filter>Source Files\core</Filter>
    </ClCompile>
    <ClCompile Include="core\hook_management.cpp">
      <Filter>Source Files\core</Filter>
    </ClCompile>
    <ClCompile Include="core\client_ui.cpp">
      <Filter>Source Files\core</Filter>
    </ClCompile>
    <ClCompile Include="core\shutdown.cpp">
      <Filter>Source Files\core</Filter>
    </ClCompile>
    <ClCompile Include="core\init_phases.cpp">
      <Filter>Source Files\core</Filter>
    </ClCompile>
    <ClCompile Include="core\init_thread.cpp">
      <Filter>Source Files\core</Filter>
    </ClCompile>
    <ClCompile Include="core\core_entry.cpp">
      <Filter>Source Files\core</Filter>
    </ClCompile>
    <ClCompile Include="$(StarRuptureSDKSourceDir)Basic.cpp">
      <Filter>Source Files</Filter>
    </ClCompile>
    <ClCompile Include="$(StarRuptureSDKSourceDir)CoreUObject_functions.cpp">
      <Filter>Source Files</Filter>
    </ClCompile>
    <ClCompile Include="$(StarRuptureSDKSourceDir)Engine_functions.cpp">
      <Filter>Source Files</Filter>
    </ClCompile>
    <ClCompile Include="hooks\hooks_common.cpp">
      <Filter>Source Files\hooks</Filter>
    </ClCompile>
    <ClCompile Include="hooks\symbol_resolver.cpp">
      <Filter>Source Files\hooks</Filter>
    </ClCompile>
    <ClCompile Include="hooks\hooks_interface.cpp">
      <Filter>Source Files\hooks</Filter>
    </ClCompile>
    <ClCompile Include="hooks\input\keybind_registry.cpp">
      <Filter>Source Files\hooks\input</Filter>
    </ClCompile>
    <ClCompile Include="hooks\input\input_processor.cpp">
      <Filter>Source Files\hooks\input</Filter>
    </ClCompile>
    <ClCompile Include="hooks\input\input_hook.cpp">
      <Filter>Source Files\hooks\input</Filter>
    </ClCompile>
    <ClCompile Include="hooks\memory\engine_allocator.cpp">
      <Filter>Source Files\hooks\memory</Filter>
    </ClCompile>
    <ClCompile Include="UI\imgui_backend_shim.cpp">
      <Filter>Source Files\UI\modloader</Filter>
    </ClCompile>
    <ClCompile Include="UI\modloader_window.cpp">
      <Filter>Source Files\UI\modloader</Filter>
    </ClCompile>
    <ClCompile Include="UI\logging_tab.cpp">
      <Filter>Source Files\UI\modloader</Filter>
    </ClCompile>
    <ClCompile Include="UI\overlay.cpp">
      <Filter>Source Files\UI\modloader</Filter>
    </ClCompile>
    <ClCompile Include="UI\hook_failure_window.cpp">
      <Filter>Source Files\UI\modloader</Filter>
    </ClCompile>
    <ClCompile Include="UI\update_notice_window.cpp">
      <Filter>Source Files\UI\modloader</Filter>
    </ClCompile>
    <ClCompile Include="UI\tick_profiler_window.cpp">
      <Filter>Source Files\UI\modloader</Filter>
    </ClCompile>
    <ClCompile Include="UI\plugin_panel_registry.cpp">
      <Filter>Source Files\UI\modloader</Filter>
    </ClCompile>
    <ClCompile Include="UI\plugin_widget_registry.cpp">
      <Filter>Source Files\UI\modloader</Filter>
    </ClCompile>
    <ClCompile Include="UI\splash_window.cpp">
      <Filter>Source Files\UI</Filter>
    </ClCompile>
    <ClCompile Include="memory_scanner\pattern_preflight.cpp">
      <Filter>Source Files\memory_scanner</Filter>
    </ClCompile>
    <ClCompile Include="memory_scanner\scan_cache.cpp">
      <Filter>Source Files\memory_scanner</Filter>
    </ClCompile>
    <ClCompile Include="memory_scanner\scanner.cpp">
      <Filter>Source Files\memory_scanner</Filter>
    </ClCompile>
    <ClCompile Include="memory_scanner\hook_scanner_interface.cpp">
      <Filter>Source Files\memory_scanner</Filter>
    </ClCompile>
    <ClCompile Include="plugins\plugin_hook_report.cpp">
      <Filter>Source Files\plugins</Filter>
    </ClCompile>
    <ClCompile Include="plugins\plugin_manager.cpp">
      <Filter>Source Files\plugins</Filter>
    </ClCompile>
    <ClCompile Include="plugins\pak_registry.cpp">
      <Filter>Source Files\plugins</Filter>
    </ClCompile>
    <ClCompile Include="logging\logger.cpp">
      <Filter>Source Files\logging</Filter>
    </ClCompile>
    <ClCompile Include="logging\plugin_log_levels.cpp">
      <Filter>Source Files\logging</Filter>
    </ClCompile>
    <ClCompile Include="config\config_manager.cpp">
      <Filter>Source Files\config</Filter>
    </ClCompile>
    <ClCompile Include="auto_update\auto_updater.cpp">
      <Filter>Source Files\auto_update</Filter>
    </ClCompile>
    <ClCompile Include="hooks\game\actor_begin_play\actor_begin_play.cpp">
      <Filter>Source Files\hooks\game\actor_begin_play</Filter>
    </ClCompile>
    <ClCompile Include="hooks\game\crafting_finished\crafting_finished.cpp">
      <Filter>Source Files\hooks\game\crafting_finished</Filter>
    </ClCompile>
    <ClCompile Include="hooks\game\game_menu\game_menu.cpp">
      <Filter>Source Files\hooks\game\game_menu</Filter>
    </ClCompile>
    <ClCompile Include="hooks\game\game_menu\game_menu_registry.cpp">
      <Filter>Source Files\hooks\game\game_menu</Filter>
    </ClCompile>
    <ClCompile Include="hooks\game\debug_draw\debug_draw.cpp">
      <Filter>Source Files\hooks\game\debug_draw</Filter>
    </ClCompile>
    <ClCompile Include="hooks\game\console_command\console_command.cpp">
      <Filter>Source Files\hooks\game\console_command</Filter>
    </ClCompile>
    <ClCompile Include="hooks\game\engine_exec\engine_exec.cpp">
      <Filter>Source Files\hooks\game\engine_exec</Filter>
    </ClCompile>
    <ClCompile Include="hooks\game\pak_mount\pak_mount.cpp">
      <Filter>Source Files\hooks\game\pak_mount</Filter>
    </ClCompile>
    <ClCompile Include="hooks\game\crash_reporter\crash_dialog.cpp">
      <Filter>Source Files\hooks\game\crash_reporter</Filter>
    </ClCompile>
    <ClCompile Include="hooks\game\crash_reporter\crash_reporter.cpp">
      <Filter>Source Files\hooks\game\crash_reporter</Filter>
    </ClCompile>
    <ClCompile Include="hooks\game\log_verbosity\log_verbosity.cpp">
      <Filter>Source Files\hooks\game\log_verbosity</Filter>
    </ClCompile>
    <ClCompile Include="hooks\game\gobject_walk\gobject_walk.cpp">
      <Filter>Source Files\hooks\game\gobject_walk</Filter>
    </ClCompile>
    <ClCompile Include="hooks\game\text_input_focus\text_input_focus.cpp">
      <Filter>Source Files\hooks\game\text_input_focus</Filter>
    </ClCompile>
    <ClCompile Include="hooks\game\object_properties\object_properties.cpp">
      <Filter>Source Files\hooks\game\object_properties</Filter>
    </ClCompile>
    <ClCompile Include="hooks\game\delegate_hook\delegate_hook.cpp">
      <Filter>Source Files\hooks\game\delegate_hook</Filter>
    </ClCompile>
    <ClCompile Include="hooks\game\engine_init\engine_init.cpp">
      <Filter>Source Files\hooks\game\engine_init</Filter>
    </ClCompile>
    <ClCompile Include="hooks\game\engine_shutdown\engine_shutdown.cpp">
      <Filter>Source Files\hooks\game\engine_shutdown</Filter>
    </ClCompile>
    <ClCompile Include="hooks\game\engine_tick\engine_tick.cpp">
      <Filter>Source Files\hooks\game\engine_tick</Filter>
    </ClCompile>
    <ClCompile Include="hooks\game\engine_tick\tick_profiler.cpp">
      <Filter>Source Files\hooks\game\engine_tick</Filter>
    </ClCompile>
    <ClCompile Include="hooks\game\engine_tick\stack_sampler.cpp">
      <Filter>Source Files\hooks\game\engine_tick</Filter>
    </ClCompile>
    <ClCompile Include="hooks\game\engine_tick\function_symbols.cpp">
      <Filter>Source Files\hooks\game\engine_tick</Filter>
    </ClCompile>
    <ClCompile Include="utils\pak_list.cpp">
      <Filter>Source Files\utils</Filter>
    </ClCompile>
    <ClCompile Include="utils\game_thread_dispatch.cpp">
      <Filter>Source Files\utils</Filter>
    </ClCompile>
    <ClCompile Include="hooks\game\hud_post_render\hud_post_render.cpp">
      <Filter>Source Files\hooks\game\hud_post_render</Filter>
    </ClCompile>
    <ClCompile Include="hooks\game\session_info\session_info.cpp">
      <Filter>Source Files\hooks\game\session_info</Filter>
    </ClCompile>
    <ClCompile Include="hooks\game\object_lookup\object_lookup.cpp">
      <Filter>Source Files\hooks\game\object_lookup</Filter>
    </ClCompile>
    <ClCompile Include="network_channel\net_timeout.cpp">
      <Filter>Source Files\network_channel</Filter>
    </ClCompile>
    <ClCompile Include="network_channel\network_channel.cpp">
      <Filter>Source Files\network_channel</Filter>
    </ClCompile>
    <ClCompile Include="network_channel\packet_fragmentation.cpp">
      <Filter>Source Files\network_channel</Filter>
    </ClCompile>
    <ClCompile Include="hooks\game\modloader_hello\modloader_hello.cpp">
      <Filter>Source Files\hooks\game\modloader_hello</Filter>
    </ClCompile>
    <ClCompile Include="hooks\game\control_channel\control_channel.cpp">
      <Filter>Source Files\hooks\game\control_channel</Filter>
    </ClCompile>
    <ClCompile Include="hooks\game\experience_load_complete\experience_load_complete.cpp">
      <Filter>Source Files\hooks\game\experience_load_complete</Filter>
    </ClCompile>
    <ClCompile Include="hooks\game\player_left\player_left.cpp">
      <Filter>Source Files\hooks\game\playerLeft</Filter>
    </ClCompile>
    <ClCompile Include="hooks\game\player_joined\player_joined.cpp">
      <Filter>Source Files\hooks\game\playerJoined</Filter>
    </ClCompile>
    <ClCompile Include="hooks\game\save_loaded\save_loaded.cpp">
      <Filter>Source Files\hooks\game\save_loaded</Filter>
    </ClCompile>
    <ClCompile Include="hooks\game\text_localization\text_localization.cpp">
      <Filter>Source Files\hooks\game\text_localization</Filter>
    </ClCompile>
    <ClCompile Include="hooks\game\text_localization\text_key.cpp">
      <Filter>Source Files\hooks\game\text_localization</Filter>
    </ClCompile>
    <ClCompile Include="hooks\game\world_begin_play\world_begin_play.cpp">
      <Filter>Source Files\hooks\game\world_begin_play</Filter>
    </ClCompile>
    <ClCompile Include="hooks\game\world_end_play\world_end_play.cpp">
      <Filter>Source Files\hooks\game\world_end_play</Filter>
    </ClCompile>
    <ClCompile Include="hooks\game\mass_do_spawning\mass_do_spawning.cpp">
      <Filter>Source Files\hooks\game\spawning</Filter>
    </ClCompile>
    <ClCompile Include="hooks\game\mass_spawner_activate\mass_spawner_activate.cpp">
      <Filter>Source Files\hooks\game\spawning</Filter>
    </ClCompile>
    <ClCompile Include="hooks\game\mass_spawner_deactivate\mass_spawner_deactivate.cpp">
      <Filter>Source Files\hooks\game\spawning</Filter>
    </ClCompile>
    <ClCompile Include="$(StarRuptureSDKSourceDir)UMG_functions.cpp">
      <Filter>Source Files</Filter>
    </ClCompile>
    <ClCompile Include="UI\console_window.cpp">
      <Filter>Source Files\UI</Filter>
    </ClCompile>
    <ClCompile Include="console\console_commands.cpp">
      <Filter>Source Files\console</Filter>
    </ClCompile>
    <ClCompile Include="console\plugin_console.cpp">
      <Filter>Source Files\console</Filter>
    </ClCompile>
    <ClCompile Include="console\console_input.cpp">
      <Filter>Source Files\console</Filter>
    </ClCompile>
    <ClCompile Include="console\console_screen.cpp">
      <Filter>Source Files\console</Filter>
    </ClCompile>
    <ClCompile Include="console\engine_output_hook.cpp">
      <Filter>Source Files\console</Filter>
    </ClCompile>
    <ClCompile Include="console\server_console.cpp">
      <Filter>Source Files\console</Filter>
    </ClCompile>
    <ClCompile Include="UI\global_settings.cpp">
      <Filter>Source Files\UI</Filter>
    </ClCompile>
    <ClCompile Include="UI\theme.cpp">
      <Filter>Source Files\UI</Filter>
    </ClCompile>
    <ClCompile Include="UI\named_entry_utils.cpp">
      <Filter>Source Files\UI</Filter>
    </ClCompile>
    <ClCompile Include="UI\plugin_preset_store.cpp">
      <Filter>Source Files\UI</Filter>
    </ClCompile>
    <ClCompile Include="hooks\game\game_instance_init\game_instance_init.cpp">
      <Filter>Source Files\hooks\game\game_instance</Filter>
    </ClCompile>
    <ClCompile Include="hooks\http\http_server_hook.cpp">
      <Filter>Source Files\hooks\game\FHttpServerRequest</Filter>
    </ClCompile>
  </ItemGroup>
  <ItemGroup>
    <None Include="plugins\gen_known_gobjects.py">
      <Filter>Source Files\plugins</Filter>
    </None>
  </ItemGroup>
  <ItemGroup>
    <ResourceCompile Include="version.rc">
      <Filter>Resource Files</Filter>
    </ResourceCompile>
  </ItemGroup>
</Project>
